
Microsoft Visual Studio Solution File, Format Version 12.00
# Visual Studio Version 17
VisualStudioVersion = 17.6.33723.286
MinimumVisualStudioVersion = 10.0.40219.1
Project("{9A19103F-16F7-4668-BE54-9A1E7A4F7556}") = "DevIO.App", "DevIO.Apps\DevIO.App.csproj", "{708CFF01-7E85-45E6-8B69-285E64C59F37}"
EndProject
Project("{9A19103F-16F7-4668-BE54-9A1E7A4F7556}") = "DevIO.Business", "src\DevIO.Business\DevIO.Business.csproj", "{98DF2328-2039-4BD6-998F-71F602873DEE}"
EndProject
Project("{FAE04EC0-301F-11D3-BF4B-00C04F79EFBC}") = "DevIO.Data", "src\DevIO.Data\DevIO.Data.csproj", "{9B42E899-67A4-4360-BBB4-8C719268D5D7}"
EndProject
Global
	GlobalSection(SolutionConfigurationPlatforms) = preSolution
		Debug|Any CPU = Debug|Any CPU
		Release|Any CPU = Release|Any CPU
	EndGlobalSection
	GlobalSection(ProjectConfigurationPlatforms) = postSolution
		{708CFF01-7E85-45E6-8B69-285E64C59F37}.Debug|Any CPU.ActiveCfg = Debug|Any CPU
		{708CFF01-7E85-45E6-8B69-285E64C59F37}.Debug|Any CPU.Build.0 = Debug|Any CPU
		{708CFF01-7E85-45E6-8B69-285E64C59F37}.Release|Any CPU.ActiveCfg = Release|Any CPU
		{708CFF01-7E85-45E6-8B69-285E64C59F37}.Release|Any CPU.Build.0 = Release|Any CPU
		{98DF2328-2039-4BD6-998F-71F602873DEE}.Debug|Any CPU.ActiveCfg = Debug|Any CPU
		{98DF2328-2039-4BD6-998F-71F602873DEE}.Debug|Any CPU.Build.0 = Debug|Any CPU
		{98DF2328-2039-4BD6-998F-71F602873DEE}.Release|Any CPU.ActiveCfg = Release|Any CPU
		{98DF2328-2039-4BD6-998F-71F602873DEE}.Release|Any CPU.Build.0 = Release|Any CPU
		{9B42E899-67A4-4360-BBB4-8C719268D5D7}.Debug|Any CPU.ActiveCfg = Debug|Any CPU
		{9B42E899-67A4-4360-BBB4-8C719268D5D7}.Debug|Any CPU.Build.0 = Debug|Any CPU
		{9B42E899-67A4-4360-BBB4-8C719268D5D7}.Release|Any CPU.ActiveCfg = Release|Any CPU
		{9B42E899-67A4-4360-BBB4-8C719268D5D7}.Release|Any CPU.Build.0 = Release|Any CPU
	EndGlobalSection
	GlobalSection(SolutionProperties) = preSolution
		HideSolutionNode = FALSE
	EndGlobalSection
	GlobalSection(ExtensibilityGlobals) = postSolution
		SolutionGuid = {88C74A54-094F-4AB0-AE48-EC67393E1F12}
	EndGlobalSection
EndGlobal
